
Microsoft Visual Studio Solution File, Format Version 12.00
# Visual Studio Version 17
VisualStudioVersion = 17.3.32929.385
MinimumVisualStudioVersion = 10.0.40219.1
Project("{FAE04EC0-301F-11D3-BF4B-00C04F79EFBC}") = "Exo_4_1_Recherche_un_nombre_dans_un_tabeau", "Exo_4_1_Recherche_un_nombre_dans_un_tabeau\Exo_4_1_Recherche_un_nombre_dans_un_tabeau.csproj", "{B81B641E-66B1-4EB8-9731-BF9A1564A12C}"
EndProject
Global
	GlobalSection(SolutionConfigurationPlatforms) = preSolution
		Debug|Any CPU = Debug|Any CPU
		Release|Any CPU = Release|Any CPU
	EndGlobalSection
	GlobalSection(ProjectConfigurationPlatforms) = postSolution
		{B81B641E-66B1-4EB8-9731-BF9A1564A12C}.Debug|Any CPU.ActiveCfg = Debug|Any CPU
		{B81B641E-66B1-4EB8-9731-BF9A1564A12C}.Debug|Any CPU.Build.0 = Debug|Any CPU
		{B81B641E-66B1-4EB8-9731-BF9A1564A12C}.Release|Any CPU.ActiveCfg = Release|Any CPU
		{B81B641E-66B1-4EB8-9731-BF9A1564A12C}.Release|Any CPU.Build.0 = Release|Any CPU
	EndGlobalSection
	GlobalSection(SolutionProperties) = preSolution
		HideSolutionNode = FALSE
	EndGlobalSection
	GlobalSection(ExtensibilityGlobals) = postSolution
		SolutionGuid = {ADE88081-1260-4BE8-9DDC-90226D5C5649}
	EndGlobalSection
EndGlobal
