
Microsoft Visual Studio Solution File, Format Version 12.00
# Visual Studio Version 17
VisualStudioVersion = 17.3.32929.385
MinimumVisualStudioVersion = 10.0.40219.1
Project("{9A19103F-16F7-4668-BE54-9A1E7A4F7556}") = "03-boucles", "03-boucles.csproj", "{1CC6CD27-1A89-4AB1-935E-F66106497BAF}"
EndProject
Project("{9A19103F-16F7-4668-BE54-9A1E7A4F7556}") = "Exo_3_1_Controler_la_saisir", "..\Exo_3_1_Controler_la_saisir\Exo_3_1_Controler_la_saisir.csproj", "{8E6F0C2D-636D-4FAC-B4CE-CF54373B0BC9}"
EndProject
Project("{9A19103F-16F7-4668-BE54-9A1E7A4F7556}") = "Exo_3_2_Controler_la_saisie_avec_limite", "..\Exo_3_2_Controler_la_saisie_avec_limite\Exo_3_2_Controler_la_saisie_avec_limite.csproj", "{22489890-575A-41FE-88E8-249D39717846}"
EndProject
Project("{FAE04EC0-301F-11D3-BF4B-00C04F79EFBC}") = "Exo_3_3_Intervalle_entre_2_nombres", "..\Exo_3_3_Intervalle_entre_2_nombres\Exo_3_3_Intervalle_entre_2_nombres.csproj", "{D071BDEF-750A-420B-85EA-FA1AA7362B25}"
EndProject
Project("{FAE04EC0-301F-11D3-BF4B-00C04F79EFBC}") = "Exo_3_4_Recherche_des_diviseurs_d_un_numbre", "..\Exo_3_4_Recherche_des_diviseurs_d_un_numbre\Exo_3_4_Recherche_des_diviseurs_d_un_numbre.csproj", "{9A9BEFC8-A562-4FFC-873A-6A4AD8401032}"
EndProject
Project("{FAE04EC0-301F-11D3-BF4B-00C04F79EFBC}") = "Exo_3_5_Nombre_premier", "..\Exo_3_5_Nombre_premier\Exo_3_5_Nombre_premier.csproj", "{170F56EF-01AF-424F-A92D-E4F594B3D9DB}"
EndProject
Global
	GlobalSection(SolutionConfigurationPlatforms) = preSolution
		Debug|Any CPU = Debug|Any CPU
		Release|Any CPU = Release|Any CPU
	EndGlobalSection
	GlobalSection(ProjectConfigurationPlatforms) = postSolution
		{1CC6CD27-1A89-4AB1-935E-F66106497BAF}.Debug|Any CPU.ActiveCfg = Debug|Any CPU
		{1CC6CD27-1A89-4AB1-935E-F66106497BAF}.Debug|Any CPU.Build.0 = Debug|Any CPU
		{1CC6CD27-1A89-4AB1-935E-F66106497BAF}.Release|Any CPU.ActiveCfg = Release|Any CPU
		{1CC6CD27-1A89-4AB1-935E-F66106497BAF}.Release|Any CPU.Build.0 = Release|Any CPU
		{8E6F0C2D-636D-4FAC-B4CE-CF54373B0BC9}.Debug|Any CPU.ActiveCfg = Debug|Any CPU
		{8E6F0C2D-636D-4FAC-B4CE-CF54373B0BC9}.Debug|Any CPU.Build.0 = Debug|Any CPU
		{8E6F0C2D-636D-4FAC-B4CE-CF54373B0BC9}.Release|Any CPU.ActiveCfg = Release|Any CPU
		{8E6F0C2D-636D-4FAC-B4CE-CF54373B0BC9}.Release|Any CPU.Build.0 = Release|Any CPU
		{22489890-575A-41FE-88E8-249D39717846}.Debug|Any CPU.ActiveCfg = Debug|Any CPU
		{22489890-575A-41FE-88E8-249D39717846}.Debug|Any CPU.Build.0 = Debug|Any CPU
		{22489890-575A-41FE-88E8-249D39717846}.Release|Any CPU.ActiveCfg = Release|Any CPU
		{22489890-575A-41FE-88E8-249D39717846}.Release|Any CPU.Build.0 = Release|Any CPU
		{D071BDEF-750A-420B-85EA-FA1AA7362B25}.Debug|Any CPU.ActiveCfg = Debug|Any CPU
		{D071BDEF-750A-420B-85EA-FA1AA7362B25}.Debug|Any CPU.Build.0 = Debug|Any CPU
		{D071BDEF-750A-420B-85EA-FA1AA7362B25}.Release|Any CPU.ActiveCfg = Release|Any CPU
		{D071BDEF-750A-420B-85EA-FA1AA7362B25}.Release|Any CPU.Build.0 = Release|Any CPU
		{9A9BEFC8-A562-4FFC-873A-6A4AD8401032}.Debug|Any CPU.ActiveCfg = Debug|Any CPU
		{9A9BEFC8-A562-4FFC-873A-6A4AD8401032}.Debug|Any CPU.Build.0 = Debug|Any CPU
		{9A9BEFC8-A562-4FFC-873A-6A4AD8401032}.Release|Any CPU.ActiveCfg = Release|Any CPU
		{9A9BEFC8-A562-4FFC-873A-6A4AD8401032}.Release|Any CPU.Build.0 = Release|Any CPU
		{170F56EF-01AF-424F-A92D-E4F594B3D9DB}.Debug|Any CPU.ActiveCfg = Debug|Any CPU
		{170F56EF-01AF-424F-A92D-E4F594B3D9DB}.Debug|Any CPU.Build.0 = Debug|Any CPU
		{170F56EF-01AF-424F-A92D-E4F594B3D9DB}.Release|Any CPU.ActiveCfg = Release|Any CPU
		{170F56EF-01AF-424F-A92D-E4F594B3D9DB}.Release|Any CPU.Build.0 = Release|Any CPU
	EndGlobalSection
	GlobalSection(SolutionProperties) = preSolution
		HideSolutionNode = FALSE
	EndGlobalSection
	GlobalSection(ExtensibilityGlobals) = postSolution
		SolutionGuid = {7A82F941-931A-430A-8F0F-B21D43811A97}
	EndGlobalSection
EndGlobal
