
Microsoft Visual Studio Solution File, Format Version 12.00
# Visual Studio Version 17
VisualStudioVersion = 17.3.32929.385
MinimumVisualStudioVersion = 10.0.40219.1
Project("{FAE04EC0-301F-11D3-BF4B-00C04F79EFBC}") = "ConsoleAppLepi3", "ConsoleAppLepi3\ConsoleAppLepi3.csproj", "{2A86AD06-5F82-409C-B320-7B2D4DAE8D36}"
EndProject
Project("{FAE04EC0-301F-11D3-BF4B-00C04F79EFBC}") = "ClassLibraryLepi", "ClassLibraryLepi\ClassLibraryLepi.csproj", "{7EA37463-2BFD-4DAE-A025-9DDE16A72904}"
EndProject
Global
	GlobalSection(SolutionConfigurationPlatforms) = preSolution
		Debug|Any CPU = Debug|Any CPU
		Release|Any CPU = Release|Any CPU
	EndGlobalSection
	GlobalSection(ProjectConfigurationPlatforms) = postSolution
		{2A86AD06-5F82-409C-B320-7B2D4DAE8D36}.Debug|Any CPU.ActiveCfg = Debug|Any CPU
		{2A86AD06-5F82-409C-B320-7B2D4DAE8D36}.Debug|Any CPU.Build.0 = Debug|Any CPU
		{2A86AD06-5F82-409C-B320-7B2D4DAE8D36}.Release|Any CPU.ActiveCfg = Release|Any CPU
		{2A86AD06-5F82-409C-B320-7B2D4DAE8D36}.Release|Any CPU.Build.0 = Release|Any CPU
		{7EA37463-2BFD-4DAE-A025-9DDE16A72904}.Debug|Any CPU.ActiveCfg = Debug|Any CPU
		{7EA37463-2BFD-4DAE-A025-9DDE16A72904}.Debug|Any CPU.Build.0 = Debug|Any CPU
		{7EA37463-2BFD-4DAE-A025-9DDE16A72904}.Release|Any CPU.ActiveCfg = Release|Any CPU
		{7EA37463-2BFD-4DAE-A025-9DDE16A72904}.Release|Any CPU.Build.0 = Release|Any CPU
	EndGlobalSection
	GlobalSection(SolutionProperties) = preSolution
		HideSolutionNode = FALSE
	EndGlobalSection
	GlobalSection(ExtensibilityGlobals) = postSolution
		SolutionGuid = {7CC78091-5DF4-4DDA-8EE4-4A1F367094F6}
	EndGlobalSection
EndGlobal
