
Microsoft Visual Studio Solution File, Format Version 12.00
# Visual Studio Version 17
VisualStudioVersion = 17.3.32929.385
MinimumVisualStudioVersion = 10.0.40219.1
Project("{FAE04EC0-301F-11D3-BF4B-00C04F79EFBC}") = "conversionTemperature", "conversionTemperature\conversionTemperature.csproj", "{6100FFC1-D0A3-405C-A546-7462BA876731}"
EndProject
Project("{FAE04EC0-301F-11D3-BF4B-00C04F79EFBC}") = "conversionDistance", "conversionDistance\conversionDistance.csproj", "{1B04661D-781A-43C2-BBB0-B66BDF018D37}"
EndProject
Global
	GlobalSection(SolutionConfigurationPlatforms) = preSolution
		Debug|Any CPU = Debug|Any CPU
		Release|Any CPU = Release|Any CPU
	EndGlobalSection
	GlobalSection(ProjectConfigurationPlatforms) = postSolution
		{6100FFC1-D0A3-405C-A546-7462BA876731}.Debug|Any CPU.ActiveCfg = Debug|Any CPU
		{6100FFC1-D0A3-405C-A546-7462BA876731}.Debug|Any CPU.Build.0 = Debug|Any CPU
		{6100FFC1-D0A3-405C-A546-7462BA876731}.Release|Any CPU.ActiveCfg = Release|Any CPU
		{6100FFC1-D0A3-405C-A546-7462BA876731}.Release|Any CPU.Build.0 = Release|Any CPU
		{1B04661D-781A-43C2-BBB0-B66BDF018D37}.Debug|Any CPU.ActiveCfg = Debug|Any CPU
		{1B04661D-781A-43C2-BBB0-B66BDF018D37}.Debug|Any CPU.Build.0 = Debug|Any CPU
		{1B04661D-781A-43C2-BBB0-B66BDF018D37}.Release|Any CPU.ActiveCfg = Release|Any CPU
		{1B04661D-781A-43C2-BBB0-B66BDF018D37}.Release|Any CPU.Build.0 = Release|Any CPU
	EndGlobalSection
	GlobalSection(SolutionProperties) = preSolution
		HideSolutionNode = FALSE
	EndGlobalSection
	GlobalSection(ExtensibilityGlobals) = postSolution
		SolutionGuid = {4FD760C7-414C-4EF7-B363-D25A37268733}
	EndGlobalSection
EndGlobal
