
Microsoft Visual Studio Solution File, Format Version 12.00
# Visual Studio Version 17
VisualStudioVersion = 17.3.32929.385
MinimumVisualStudioVersion = 10.0.40219.1
Project("{FAE04EC0-301F-11D3-BF4B-00C04F79EFBC}") = "Exo_5_1_Calcul_nombres_parfaits", "Exo_5_1_Calcul_nombres_parfaits.csproj", "{B320584A-41DA-45B2-B118-DFD708243D23}"
EndProject
Global
	GlobalSection(SolutionConfigurationPlatforms) = preSolution
		Debug|Any CPU = Debug|Any CPU
		Release|Any CPU = Release|Any CPU
	EndGlobalSection
	GlobalSection(ProjectConfigurationPlatforms) = postSolution
		{B320584A-41DA-45B2-B118-DFD708243D23}.Debug|Any CPU.ActiveCfg = Debug|Any CPU
		{B320584A-41DA-45B2-B118-DFD708243D23}.Debug|Any CPU.Build.0 = Debug|Any CPU
		{B320584A-41DA-45B2-B118-DFD708243D23}.Release|Any CPU.ActiveCfg = Release|Any CPU
		{B320584A-41DA-45B2-B118-DFD708243D23}.Release|Any CPU.Build.0 = Release|Any CPU
	EndGlobalSection
	GlobalSection(SolutionProperties) = preSolution
		HideSolutionNode = FALSE
	EndGlobalSection
	GlobalSection(ExtensibilityGlobals) = postSolution
		SolutionGuid = {771D4761-1CC2-4542-B129-D3BEB6D984C8}
	EndGlobalSection
EndGlobal
