
Microsoft Visual Studio Solution File, Format Version 12.00
# Visual Studio Version 17
VisualStudioVersion = 17.3.32929.385
MinimumVisualStudioVersion = 10.0.40219.1
Project("{9A19103F-16F7-4668-BE54-9A1E7A4F7556}") = "Exo_4_1_Recherche_un_nombre_dans_un_tabeau", "Exo_4_1_Recherche_un_nombre_dans_un_tabeau\Exo_4_1_Recherche_un_nombre_dans_un_tabeau.csproj", "{B81B641E-66B1-4EB8-9731-BF9A1564A12C}"
EndProject
Project("{9A19103F-16F7-4668-BE54-9A1E7A4F7556}") = "Exo_4_2_Recherche_une_lettre_dans_un_phrase", "Exo_4_2_Recherche_une_lettre_dans_un_phrase\Exo_4_2_Recherche_une_lettre_dans_un_phrase.csproj", "{CDC73085-AD71-4705-BFA8-36FA64A54A93}"
EndProject
Project("{9A19103F-16F7-4668-BE54-9A1E7A4F7556}") = "Exo_4_2_1_Recherche_une_lettre_dans_un_phrase", "Exo_4_2_1_Recherche_une_lettre_dans_un_phrase\Exo_4_2_1_Recherche_une_lettre_dans_un_phrase.csproj", "{8C55D45B-56EB-4CAC-8294-2EFCCD344D11}"
EndProject
Project("{9A19103F-16F7-4668-BE54-9A1E7A4F7556}") = "Exo_4_3_Denombrer_les_lettres_de_l_alphabet_dans_un_tableau", "Exo_4_3_Denombrer_les_lettres_de_l_alphabet_dans_un_tableau\Exo_4_3_Denombrer_les_lettres_de_l_alphabet_dans_un_tableau.csproj", "{0BEA7485-181E-4B27-8E26-2E642230A497}"
EndProject
Project("{9A19103F-16F7-4668-BE54-9A1E7A4F7556}") = "Exo_4_4_Tri_d_un_tableau", "Exo_4_4_Tri_d_un_tableau\Exo_4_4_Tri_d_un_tableau.csproj", "{4E5AFEF6-F7A1-44B8-904B-1C94FCFE156A}"
EndProject
Project("{FAE04EC0-301F-11D3-BF4B-00C04F79EFBC}") = "Exo_4_5_Palidrome", "Exo_4_5_Palidrome\Exo_4_5_Palidrome.csproj", "{D45F2834-D9F6-45DB-9890-00CD343636E0}"
EndProject
Global
	GlobalSection(SolutionConfigurationPlatforms) = preSolution
		Debug|Any CPU = Debug|Any CPU
		Release|Any CPU = Release|Any CPU
	EndGlobalSection
	GlobalSection(ProjectConfigurationPlatforms) = postSolution
		{B81B641E-66B1-4EB8-9731-BF9A1564A12C}.Debug|Any CPU.ActiveCfg = Debug|Any CPU
		{B81B641E-66B1-4EB8-9731-BF9A1564A12C}.Debug|Any CPU.Build.0 = Debug|Any CPU
		{B81B641E-66B1-4EB8-9731-BF9A1564A12C}.Release|Any CPU.ActiveCfg = Release|Any CPU
		{B81B641E-66B1-4EB8-9731-BF9A1564A12C}.Release|Any CPU.Build.0 = Release|Any CPU
		{CDC73085-AD71-4705-BFA8-36FA64A54A93}.Debug|Any CPU.ActiveCfg = Debug|Any CPU
		{CDC73085-AD71-4705-BFA8-36FA64A54A93}.Debug|Any CPU.Build.0 = Debug|Any CPU
		{CDC73085-AD71-4705-BFA8-36FA64A54A93}.Release|Any CPU.ActiveCfg = Release|Any CPU
		{CDC73085-AD71-4705-BFA8-36FA64A54A93}.Release|Any CPU.Build.0 = Release|Any CPU
		{8C55D45B-56EB-4CAC-8294-2EFCCD344D11}.Debug|Any CPU.ActiveCfg = Debug|Any CPU
		{8C55D45B-56EB-4CAC-8294-2EFCCD344D11}.Debug|Any CPU.Build.0 = Debug|Any CPU
		{8C55D45B-56EB-4CAC-8294-2EFCCD344D11}.Release|Any CPU.ActiveCfg = Release|Any CPU
		{8C55D45B-56EB-4CAC-8294-2EFCCD344D11}.Release|Any CPU.Build.0 = Release|Any CPU
		{0BEA7485-181E-4B27-8E26-2E642230A497}.Debug|Any CPU.ActiveCfg = Debug|Any CPU
		{0BEA7485-181E-4B27-8E26-2E642230A497}.Debug|Any CPU.Build.0 = Debug|Any CPU
		{0BEA7485-181E-4B27-8E26-2E642230A497}.Release|Any CPU.ActiveCfg = Release|Any CPU
		{0BEA7485-181E-4B27-8E26-2E642230A497}.Release|Any CPU.Build.0 = Release|Any CPU
		{4E5AFEF6-F7A1-44B8-904B-1C94FCFE156A}.Debug|Any CPU.ActiveCfg = Debug|Any CPU
		{4E5AFEF6-F7A1-44B8-904B-1C94FCFE156A}.Debug|Any CPU.Build.0 = Debug|Any CPU
		{4E5AFEF6-F7A1-44B8-904B-1C94FCFE156A}.Release|Any CPU.ActiveCfg = Release|Any CPU
		{4E5AFEF6-F7A1-44B8-904B-1C94FCFE156A}.Release|Any CPU.Build.0 = Release|Any CPU
		{D45F2834-D9F6-45DB-9890-00CD343636E0}.Debug|Any CPU.ActiveCfg = Debug|Any CPU
		{D45F2834-D9F6-45DB-9890-00CD343636E0}.Debug|Any CPU.Build.0 = Debug|Any CPU
		{D45F2834-D9F6-45DB-9890-00CD343636E0}.Release|Any CPU.ActiveCfg = Release|Any CPU
		{D45F2834-D9F6-45DB-9890-00CD343636E0}.Release|Any CPU.Build.0 = Release|Any CPU
	EndGlobalSection
	GlobalSection(SolutionProperties) = preSolution
		HideSolutionNode = FALSE
	EndGlobalSection
	GlobalSection(ExtensibilityGlobals) = postSolution
		SolutionGuid = {ADE88081-1260-4BE8-9DDC-90226D5C5649}
	EndGlobalSection
EndGlobal
