
Microsoft Visual Studio Solution File, Format Version 12.00
# Visual Studio Version 17
VisualStudioVersion = 17.3.32929.385
MinimumVisualStudioVersion = 10.0.40219.1
Project("{FAE04EC0-301F-11D3-BF4B-00C04F79EFBC}") = "CL_Points", "CL_Point\CL_Points.csproj", "{5A725EB0-3950-4D01-8168-FCBA82784923}"
EndProject
Project("{FAE04EC0-301F-11D3-BF4B-00C04F79EFBC}") = "ConsoleAppPoints", "ConsoleAppPoint\ConsoleAppPoints.csproj", "{DD6DB4D1-2691-4A54-A6FB-FFF993B1D13A}"
EndProject
Global
	GlobalSection(SolutionConfigurationPlatforms) = preSolution
		Debug|Any CPU = Debug|Any CPU
		Release|Any CPU = Release|Any CPU
	EndGlobalSection
	GlobalSection(ProjectConfigurationPlatforms) = postSolution
		{5A725EB0-3950-4D01-8168-FCBA82784923}.Debug|Any CPU.ActiveCfg = Debug|Any CPU
		{5A725EB0-3950-4D01-8168-FCBA82784923}.Debug|Any CPU.Build.0 = Debug|Any CPU
		{5A725EB0-3950-4D01-8168-FCBA82784923}.Release|Any CPU.ActiveCfg = Release|Any CPU
		{5A725EB0-3950-4D01-8168-FCBA82784923}.Release|Any CPU.Build.0 = Release|Any CPU
		{DD6DB4D1-2691-4A54-A6FB-FFF993B1D13A}.Debug|Any CPU.ActiveCfg = Debug|Any CPU
		{DD6DB4D1-2691-4A54-A6FB-FFF993B1D13A}.Debug|Any CPU.Build.0 = Debug|Any CPU
		{DD6DB4D1-2691-4A54-A6FB-FFF993B1D13A}.Release|Any CPU.ActiveCfg = Release|Any CPU
		{DD6DB4D1-2691-4A54-A6FB-FFF993B1D13A}.Release|Any CPU.Build.0 = Release|Any CPU
	EndGlobalSection
	GlobalSection(SolutionProperties) = preSolution
		HideSolutionNode = FALSE
	EndGlobalSection
	GlobalSection(ExtensibilityGlobals) = postSolution
		SolutionGuid = {30586A6B-7B60-4FEC-9604-13DC22BFC772}
	EndGlobalSection
EndGlobal
