
Microsoft Visual Studio Solution File, Format Version 12.00
# Visual Studio Version 17
VisualStudioVersion = 17.3.32929.385
MinimumVisualStudioVersion = 10.0.40219.1
Project("{FAE04EC0-301F-11D3-BF4B-00C04F79EFBC}") = "02-structuresConditionnelles", "02-structuresConditionnelles.csproj", "{647728FE-4ABF-4DC5-A05C-CF907599853A}"
EndProject
Project("{FAE04EC0-301F-11D3-BF4B-00C04F79EFBC}") = "Exo_2_1_Tri_de_nombres", "Exo_2_1_Tri_de_nombres\Exo_2_1_Tri_de_nombres.csproj", "{DCEAC281-7343-4F3B-AA51-B7F9212824ED}"
EndProject
Project("{FAE04EC0-301F-11D3-BF4B-00C04F79EFBC}") = "Exo_2_2_Es_tu_majeur", "Exo_2_2_Es_tu_majeur\Exo_2_2_Es_tu_majeur.csproj", "{4C7C65BD-A07C-4FBD-93B0-0A738DB1136F}"
EndProject
Project("{FAE04EC0-301F-11D3-BF4B-00C04F79EFBC}") = "Exo_2_3_Ma_retraite", "Exo_2_3_Ma_retraite\Exo_2_3_Ma_retraite.csproj", "{5FC4DE01-C8C1-407B-B6BE-AB5C15CCA01A}"
EndProject
Project("{FAE04EC0-301F-11D3-BF4B-00C04F79EFBC}") = "Exo_2_4_Tri_de_nombres", "Exo_2_4_Tri_de_nombres\Exo_2_4_Tri_de_nombres.csproj", "{329A0F9E-E467-4A47-870C-AEBFBA92AFDF}"
EndProject
Global
	GlobalSection(SolutionConfigurationPlatforms) = preSolution
		Debug|Any CPU = Debug|Any CPU
		Release|Any CPU = Release|Any CPU
	EndGlobalSection
	GlobalSection(ProjectConfigurationPlatforms) = postSolution
		{647728FE-4ABF-4DC5-A05C-CF907599853A}.Debug|Any CPU.ActiveCfg = Debug|Any CPU
		{647728FE-4ABF-4DC5-A05C-CF907599853A}.Debug|Any CPU.Build.0 = Debug|Any CPU
		{647728FE-4ABF-4DC5-A05C-CF907599853A}.Release|Any CPU.ActiveCfg = Release|Any CPU
		{647728FE-4ABF-4DC5-A05C-CF907599853A}.Release|Any CPU.Build.0 = Release|Any CPU
		{DCEAC281-7343-4F3B-AA51-B7F9212824ED}.Debug|Any CPU.ActiveCfg = Debug|Any CPU
		{DCEAC281-7343-4F3B-AA51-B7F9212824ED}.Debug|Any CPU.Build.0 = Debug|Any CPU
		{DCEAC281-7343-4F3B-AA51-B7F9212824ED}.Release|Any CPU.ActiveCfg = Release|Any CPU
		{DCEAC281-7343-4F3B-AA51-B7F9212824ED}.Release|Any CPU.Build.0 = Release|Any CPU
		{4C7C65BD-A07C-4FBD-93B0-0A738DB1136F}.Debug|Any CPU.ActiveCfg = Debug|Any CPU
		{4C7C65BD-A07C-4FBD-93B0-0A738DB1136F}.Debug|Any CPU.Build.0 = Debug|Any CPU
		{4C7C65BD-A07C-4FBD-93B0-0A738DB1136F}.Release|Any CPU.ActiveCfg = Release|Any CPU
		{4C7C65BD-A07C-4FBD-93B0-0A738DB1136F}.Release|Any CPU.Build.0 = Release|Any CPU
		{5FC4DE01-C8C1-407B-B6BE-AB5C15CCA01A}.Debug|Any CPU.ActiveCfg = Debug|Any CPU
		{5FC4DE01-C8C1-407B-B6BE-AB5C15CCA01A}.Debug|Any CPU.Build.0 = Debug|Any CPU
		{5FC4DE01-C8C1-407B-B6BE-AB5C15CCA01A}.Release|Any CPU.ActiveCfg = Release|Any CPU
		{5FC4DE01-C8C1-407B-B6BE-AB5C15CCA01A}.Release|Any CPU.Build.0 = Release|Any CPU
		{329A0F9E-E467-4A47-870C-AEBFBA92AFDF}.Debug|Any CPU.ActiveCfg = Debug|Any CPU
		{329A0F9E-E467-4A47-870C-AEBFBA92AFDF}.Debug|Any CPU.Build.0 = Debug|Any CPU
		{329A0F9E-E467-4A47-870C-AEBFBA92AFDF}.Release|Any CPU.ActiveCfg = Release|Any CPU
		{329A0F9E-E467-4A47-870C-AEBFBA92AFDF}.Release|Any CPU.Build.0 = Release|Any CPU
	EndGlobalSection
	GlobalSection(SolutionProperties) = preSolution
		HideSolutionNode = FALSE
	EndGlobalSection
	GlobalSection(ExtensibilityGlobals) = postSolution
		SolutionGuid = {A3B73B18-6751-4D11-97DE-663F3A613A40}
	EndGlobalSection
EndGlobal
