
Microsoft Visual Studio Solution File, Format Version 12.00
# Visual Studio Version 17
VisualStudioVersion = 17.3.32929.385
MinimumVisualStudioVersion = 10.0.40219.1
Project("{FAE04EC0-301F-11D3-BF4B-00C04F79EFBC}") = "CL_Voiture", "CL_Voiture\CL_Voiture.csproj", "{40174B97-D318-4F0F-977D-C5C9F09FA172}"
EndProject
Project("{FAE04EC0-301F-11D3-BF4B-00C04F79EFBC}") = "ConsoleAppVoiture", "ConsoleAppVoiture\ConsoleAppVoiture.csproj", "{980D4BF6-FD84-44B0-89DB-0E45F2767C9C}"
EndProject
Global
	GlobalSection(SolutionConfigurationPlatforms) = preSolution
		Debug|Any CPU = Debug|Any CPU
		Release|Any CPU = Release|Any CPU
	EndGlobalSection
	GlobalSection(ProjectConfigurationPlatforms) = postSolution
		{40174B97-D318-4F0F-977D-C5C9F09FA172}.Debug|Any CPU.ActiveCfg = Debug|Any CPU
		{40174B97-D318-4F0F-977D-C5C9F09FA172}.Debug|Any CPU.Build.0 = Debug|Any CPU
		{40174B97-D318-4F0F-977D-C5C9F09FA172}.Release|Any CPU.ActiveCfg = Release|Any CPU
		{40174B97-D318-4F0F-977D-C5C9F09FA172}.Release|Any CPU.Build.0 = Release|Any CPU
		{980D4BF6-FD84-44B0-89DB-0E45F2767C9C}.Debug|Any CPU.ActiveCfg = Debug|Any CPU
		{980D4BF6-FD84-44B0-89DB-0E45F2767C9C}.Debug|Any CPU.Build.0 = Debug|Any CPU
		{980D4BF6-FD84-44B0-89DB-0E45F2767C9C}.Release|Any CPU.ActiveCfg = Release|Any CPU
		{980D4BF6-FD84-44B0-89DB-0E45F2767C9C}.Release|Any CPU.Build.0 = Release|Any CPU
	EndGlobalSection
	GlobalSection(SolutionProperties) = preSolution
		HideSolutionNode = FALSE
	EndGlobalSection
	GlobalSection(ExtensibilityGlobals) = postSolution
		SolutionGuid = {D4E577C3-E501-4C23-9056-AAB155FDBECA}
	EndGlobalSection
EndGlobal
